Microsoft Visual Studio Solution File, Format Version 12.00
# Visual Studio Version 17
VisualStudioVersion = 17.1.32210.238
MinimumVisualStudioVersion = 15.0.26124.0
Project("{D954291E-2A0B-460D-934E-DC6B0785DB48}") = "Unoversal.MediaPlayer.Sample.Shared", "Unoversal.MediaPlayer.Sample.Shared\Unoversal.MediaPlayer.Sample.Shared.shproj", "{6279C845-92F8-4333-AB99-3D213163593C}"
EndProject
Project("{FAE04EC0-301F-11D3-BF4B-00C04F79EFBC}") = "Unoversal.MediaPlayer.Sample.Droid", "Unoversal.MediaPlayer.Sample.Droid\Unoversal.MediaPlayer.Sample.Droid.csproj", "{6FAA71DC-9E0E-4303-94BD-2E8BE710D15A}"
EndProject
Project("{FAE04EC0-301F-11D3-BF4B-00C04F79EFBC}") = "Unoversal.MediaPlayer.Sample.iOS", "Unoversal.MediaPlayer.Sample.iOS\Unoversal.MediaPlayer.Sample.iOS.csproj", "{5A655C82-1D0D-4A3C-9E41-C024D2184382}"
EndProject
Project("{FAE04EC0-301F-11D3-BF4B-00C04F79EFBC}") = "Unoversal.MediaPlayer.Sample.Uwp", "Unoversal.MediaPlayer.Sample.UWP\Unoversal.MediaPlayer.Sample.Uwp.csproj", "{4AF51521-6119-42AC-BACB-5A31AD696557}"
EndProject
Project("{9A19103F-16F7-4668-BE54-9A1E7A4F7556}") = "Unoversal.MediaPlayer.Sample.Wasm", "Unoversal.MediaPlayer.Sample.Wasm\Unoversal.MediaPlayer.Sample.Wasm.csproj", "{40EA03F7-8A22-4143-B251-79BAC3EB13D2}"
EndProject
Project("{FAE04EC0-301F-11D3-BF4B-00C04F79EFBC}") = "Unoversal.MediaPlayer.Sample.macOS", "Unoversal.MediaPlayer.Sample.macOS\Unoversal.MediaPlayer.Sample.macOS.csproj", "{CE659558-6796-4F8E-9652-12EE4F693551}"
EndProject
Project("{9A19103F-16F7-4668-BE54-9A1E7A4F7556}") = "Unoversal.MediaPlayer.Sample.Skia.Gtk", "Unoversal.MediaPlayer.Sample.Skia.Gtk\Unoversal.MediaPlayer.Sample.Skia.Gtk.csproj", "{A5B8155A-118F-4794-B551-C6F3CF7E5411}"
EndProject
Project("{9A19103F-16F7-4668-BE54-9A1E7A4F7556}") = "Unoversal.MediaPlayer.Sample.Skia.WPF", "Unoversal.MediaPlayer.Sample.Skia.WPF\Unoversal.MediaPlayer.Sample.Skia.WPF.csproj", "{7F1865C2-F863-4A18-97CA-AB0C108BA0DC}"
EndProject
Project("{9A19103F-16F7-4668-BE54-9A1E7A4F7556}") = "Unoversal.MediaPlayer.Sample.Skia.Wpf.Host", "Unoversal.MediaPlayer.Sample.Skia.WPF.Host\Unoversal.MediaPlayer.Sample.Skia.Wpf.Host.csproj", "{6CF284A4-22B1-4F05-97F4-F095C07A598E}"
EndProject
Project("{9A19103F-16F7-4668-BE54-9A1E7A4F7556}") = "Unoversal.MediaPlayer.Sample.Skia.Tizen", "Unoversal.MediaPlayer.Sample.Skia.Tizen\Unoversal.MediaPlayer.Sample.Skia.Tizen.csproj", "{9AED22A6-77DC-4799-BAE7-5F26F2070BD2}"
EndProject
Project("{9A19103F-16F7-4668-BE54-9A1E7A4F7556}") = "Unoversal.MediaPlayer.Sample.Skia.Linux.FrameBuffer", "Unoversal.MediaPlayer.Sample.Skia.Linux.FrameBuffer\Unoversal.MediaPlayer.Sample.Skia.Linux.FrameBuffer.csproj", "{761D821E-9905-4444-9ADF-76C995FE5427}"
EndProject
Project("{9A19103F-16F7-4668-BE54-9A1E7A4F7556}") = "Unoversal.MediaPlayer", "..\Unoversal.MediaPlayer\Unoversal.MediaPlayer.csproj", "{8F558923-ED90-4DF9-B48A-B910AF3DC729}"
EndProject
Global
	GlobalSection(SharedMSBuildProjectFiles) = preSolution
		Unoversal.MediaPlayer.Sample.Shared\Unoversal.MediaPlayer.Sample.Shared.projitems*{40ea03f7-8a22-4143-b251-79bac3eb13d2}*SharedItemsImports = 5
		Unoversal.MediaPlayer.Sample.Shared\Unoversal.MediaPlayer.Sample.Shared.projitems*{4af51521-6119-42ac-bacb-5a31ad696557}*SharedItemsImports = 4
		Unoversal.MediaPlayer.Sample.Shared\Unoversal.MediaPlayer.Sample.Shared.projitems*{5a655c82-1d0d-4a3c-9e41-c024d2184382}*SharedItemsImports = 4
		Unoversal.MediaPlayer.Sample.Shared\Unoversal.MediaPlayer.Sample.Shared.projitems*{6279c845-92f8-4333-ab99-3d213163593c}*SharedItemsImports = 13
		Unoversal.MediaPlayer.Sample.Shared\Unoversal.MediaPlayer.Sample.Shared.projitems*{6faa71dc-9e0e-4303-94bd-2e8be710d15a}*SharedItemsImports = 4
		Unoversal.MediaPlayer.Sample.Shared\Unoversal.MediaPlayer.Sample.Shared.projitems*{761d821e-9905-4444-9adf-76c995fe5427}*SharedItemsImports = 5
		Unoversal.MediaPlayer.Sample.Shared\Unoversal.MediaPlayer.Sample.Shared.projitems*{7f1865c2-f863-4a18-97ca-ab0c108ba0dc}*SharedItemsImports = 5
		Unoversal.MediaPlayer.Sample.Shared\Unoversal.MediaPlayer.Sample.Shared.projitems*{9aed22a6-77dc-4799-bae7-5f26f2070bd2}*SharedItemsImports = 5
		Unoversal.MediaPlayer.Sample.Shared\Unoversal.MediaPlayer.Sample.Shared.projitems*{a5b8155a-118f-4794-b551-c6f3cf7e5411}*SharedItemsImports = 5
		Unoversal.MediaPlayer.Sample.Shared\Unoversal.MediaPlayer.Sample.Shared.projitems*{ce659558-6796-4f8e-9652-12ee4f693551}*SharedItemsImports = 4
	EndGlobalSection
	GlobalSection(SolutionConfigurationPlatforms) = preSolution
		Debug|Any CPU = Debug|Any CPU
		Debug|ARM = Debug|ARM
		Debug|ARM64 = Debug|ARM64
		Debug|iPhone = Debug|iPhone
		Debug|iPhoneSimulator = Debug|iPhoneSimulator
		Debug|x64 = Debug|x64
		Debug|x86 = Debug|x86
		Release|Any CPU = Release|Any CPU
		Release|ARM = Release|ARM
		Release|ARM64 = Release|ARM64
		Release|iPhone = Release|iPhone
		Release|iPhoneSimulator = Release|iPhoneSimulator
		Release|x64 = Release|x64
		Release|x86 = Release|x86
	EndGlobalSection
	GlobalSection(ProjectConfigurationPlatforms) = postSolution
		{6FAA71DC-9E0E-4303-94BD-2E8BE710D15A}.Debug|Any CPU.ActiveCfg = Debug|Any CPU
		{6FAA71DC-9E0E-4303-94BD-2E8BE710D15A}.Debug|Any CPU.Build.0 = Debug|Any CPU
		{6FAA71DC-9E0E-4303-94BD-2E8BE710D15A}.Debug|Any CPU.Deploy.0 = Debug|Any CPU
		{6FAA71DC-9E0E-4303-94BD-2E8BE710D15A}.Debug|ARM.ActiveCfg = Debug|Any CPU
		{6FAA71DC-9E0E-4303-94BD-2E8BE710D15A}.Debug|ARM.Build.0 = Debug|Any CPU
		{6FAA71DC-9E0E-4303-94BD-2E8BE710D15A}.Debug|ARM.Deploy.0 = Debug|Any CPU
		{6FAA71DC-9E0E-4303-94BD-2E8BE710D15A}.Debug|ARM64.ActiveCfg = Debug|Any CPU
		{6FAA71DC-9E0E-4303-94BD-2E8BE710D15A}.Debug|ARM64.Build.0 = Debug|Any CPU
		{6FAA71DC-9E0E-4303-94BD-2E8BE710D15A}.Debug|ARM64.Deploy.0 = Debug|Any CPU
		{6FAA71DC-9E0E-4303-94BD-2E8BE710D15A}.Debug|iPhone.ActiveCfg = Debug|Any CPU
		{6FAA71DC-9E0E-4303-94BD-2E8BE710D15A}.Debug|iPhone.Build.0 = Debug|Any CPU
		{6FAA71DC-9E0E-4303-94BD-2E8BE710D15A}.Debug|iPhone.Deploy.0 = Debug|Any CPU
		{6FAA71DC-9E0E-4303-94BD-2E8BE710D15A}.Debug|iPhoneSimulator.ActiveCfg = Debug|Any CPU
		{6FAA71DC-9E0E-4303-94BD-2E8BE710D15A}.Debug|iPhoneSimulator.Build.0 = Debug|Any CPU
		{6FAA71DC-9E0E-4303-94BD-2E8BE710D15A}.Debug|iPhoneSimulator.Deploy.0 = Debug|Any CPU
		{6FAA71DC-9E0E-4303-94BD-2E8BE710D15A}.Debug|x64.ActiveCfg = Debug|Any CPU
		{6FAA71DC-9E0E-4303-94BD-2E8BE710D15A}.Debug|x64.Build.0 = Debug|Any CPU
		{6FAA71DC-9E0E-4303-94BD-2E8BE710D15A}.Debug|x64.Deploy.0 = Debug|Any CPU
		{6FAA71DC-9E0E-4303-94BD-2E8BE710D15A}.Debug|x86.ActiveCfg = Debug|Any CPU
		{6FAA71DC-9E0E-4303-94BD-2E8BE710D15A}.Debug|x86.Build.0 = Debug|Any CPU
		{6FAA71DC-9E0E-4303-94BD-2E8BE710D15A}.Debug|x86.Deploy.0 = Debug|Any CPU
		{6FAA71DC-9E0E-4303-94BD-2E8BE710D15A}.Release|Any CPU.ActiveCfg = Release|Any CPU
		{6FAA71DC-9E0E-4303-94BD-2E8BE710D15A}.Release|Any CPU.Build.0 = Release|Any CPU
		{6FAA71DC-9E0E-4303-94BD-2E8BE710D15A}.Release|Any CPU.Deploy.0 = Release|Any CPU
		{6FAA71DC-9E0E-4303-94BD-2E8BE710D15A}.Release|ARM.ActiveCfg = Release|Any CPU
		{6FAA71DC-9E0E-4303-94BD-2E8BE710D15A}.Release|ARM.Build.0 = Release|Any CPU
		{6FAA71DC-9E0E-4303-94BD-2E8BE710D15A}.Release|ARM.Deploy.0 = Release|Any CPU
		{6FAA71DC-9E0E-4303-94BD-2E8BE710D15A}.Release|ARM64.ActiveCfg = Release|Any CPU
		{6FAA71DC-9E0E-4303-94BD-2E8BE710D15A}.Release|ARM64.Build.0 = Release|Any CPU
		{6FAA71DC-9E0E-4303-94BD-2E8BE710D15A}.Release|ARM64.Deploy.0 = Release|Any CPU
		{6FAA71DC-9E0E-4303-94BD-2E8BE710D15A}.Release|iPhone.ActiveCfg = Release|Any CPU
		{6FAA71DC-9E0E-4303-94BD-2E8BE710D15A}.Release|iPhone.Build.0 = Release|Any CPU
		{6FAA71DC-9E0E-4303-94BD-2E8BE710D15A}.Release|iPhone.Deploy.0 = Release|Any CPU
		{6FAA71DC-9E0E-4303-94BD-2E8BE710D15A}.Release|iPhoneSimulator.ActiveCfg = Release|Any CPU
		{6FAA71DC-9E0E-4303-94BD-2E8BE710D15A}.Release|iPhoneSimulator.Build.0 = Release|Any CPU
		{6FAA71DC-9E0E-4303-94BD-2E8BE710D15A}.Release|iPhoneSimulator.Deploy.0 = Release|Any CPU
		{6FAA71DC-9E0E-4303-94BD-2E8BE710D15A}.Release|x64.ActiveCfg = Release|Any CPU
		{6FAA71DC-9E0E-4303-94BD-2E8BE710D15A}.Release|x64.Build.0 = Release|Any CPU
		{6FAA71DC-9E0E-4303-94BD-2E8BE710D15A}.Release|x64.Deploy.0 = Release|Any CPU
		{6FAA71DC-9E0E-4303-94BD-2E8BE710D15A}.Release|x86.ActiveCfg = Release|Any CPU
		{6FAA71DC-9E0E-4303-94BD-2E8BE710D15A}.Release|x86.Build.0 = Release|Any CPU
		{6FAA71DC-9E0E-4303-94BD-2E8BE710D15A}.Release|x86.Deploy.0 = Release|Any CPU
		{5A655C82-1D0D-4A3C-9E41-C024D2184382}.Debug|Any CPU.ActiveCfg = Debug|iPhone
		{5A655C82-1D0D-4A3C-9E41-C024D2184382}.Debug|Any CPU.Build.0 = Debug|iPhone
		{5A655C82-1D0D-4A3C-9E41-C024D2184382}.Debug|Any CPU.Deploy.0 = Debug|iPhone
		{5A655C82-1D0D-4A3C-9E41-C024D2184382}.Debug|ARM.ActiveCfg = Debug|iPhone
		{5A655C82-1D0D-4A3C-9E41-C024D2184382}.Debug|ARM64.ActiveCfg = Debug|iPhone
		{5A655C82-1D0D-4A3C-9E41-C024D2184382}.Debug|iPhone.ActiveCfg = Debug|iPhone
		{5A655C82-1D0D-4A3C-9E41-C024D2184382}.Debug|iPhone.Build.0 = Debug|iPhone
		{5A655C82-1D0D-4A3C-9E41-C024D2184382}.Debug|iPhoneSimulator.ActiveCfg = Debug|iPhoneSimulator
		{5A655C82-1D0D-4A3C-9E41-C024D2184382}.Debug|iPhoneSimulator.Build.0 = Debug|iPhoneSimulator
		{5A655C82-1D0D-4A3C-9E41-C024D2184382}.Debug|x64.ActiveCfg = Debug|iPhone
		{5A655C82-1D0D-4A3C-9E41-C024D2184382}.Debug|x64.Build.0 = Debug|iPhone
		{5A655C82-1D0D-4A3C-9E41-C024D2184382}.Debug|x64.Deploy.0 = Debug|iPhone
		{5A655C82-1D0D-4A3C-9E41-C024D2184382}.Debug|x86.ActiveCfg = Debug|iPhoneSimulator
		{5A655C82-1D0D-4A3C-9E41-C024D2184382}.Debug|x86.Build.0 = Debug|iPhoneSimulator
		{5A655C82-1D0D-4A3C-9E41-C024D2184382}.Debug|x86.Deploy.0 = Debug|iPhoneSimulator
		{5A655C82-1D0D-4A3C-9E41-C024D2184382}.Release|Any CPU.ActiveCfg = Release|iPhone
		{5A655C82-1D0D-4A3C-9E41-C024D2184382}.Release|ARM.ActiveCfg = Release|iPhone
		{5A655C82-1D0D-4A3C-9E41-C024D2184382}.Release|ARM64.ActiveCfg = Release|iPhone
		{5A655C82-1D0D-4A3C-9E41-C024D2184382}.Release|iPhone.ActiveCfg = Release|iPhone
		{5A655C82-1D0D-4A3C-9E41-C024D2184382}.Release|iPhone.Build.0 = Release|iPhone
		{5A655C82-1D0D-4A3C-9E41-C024D2184382}.Release|iPhoneSimulator.ActiveCfg = Release|iPhoneSimulator
		{5A655C82-1D0D-4A3C-9E41-C024D2184382}.Release|iPhoneSimulator.Build.0 = Release|iPhoneSimulator
		{5A655C82-1D0D-4A3C-9E41-C024D2184382}.Release|x64.ActiveCfg = Release|iPhoneSimulator
		{5A655C82-1D0D-4A3C-9E41-C024D2184382}.Release|x64.Build.0 = Release|iPhoneSimulator
		{5A655C82-1D0D-4A3C-9E41-C024D2184382}.Release|x64.Deploy.0 = Release|iPhoneSimulator
		{5A655C82-1D0D-4A3C-9E41-C024D2184382}.Release|x86.ActiveCfg = Release|iPhoneSimulator
		{5A655C82-1D0D-4A3C-9E41-C024D2184382}.Release|x86.Build.0 = Release|iPhoneSimulator
		{4AF51521-6119-42AC-BACB-5A31AD696557}.Debug|Any CPU.ActiveCfg = Debug|x86
		{4AF51521-6119-42AC-BACB-5A31AD696557}.Debug|Any CPU.Build.0 = Debug|x86
		{4AF51521-6119-42AC-BACB-5A31AD696557}.Debug|Any CPU.Deploy.0 = Debug|x86
		{4AF51521-6119-42AC-BACB-5A31AD696557}.Debug|ARM.ActiveCfg = Debug|ARM
		{4AF51521-6119-42AC-BACB-5A31AD696557}.Debug|ARM.Build.0 = Debug|ARM
		{4AF51521-6119-42AC-BACB-5A31AD696557}.Debug|ARM.Deploy.0 = Debug|ARM
		{4AF51521-6119-42AC-BACB-5A31AD696557}.Debug|ARM64.ActiveCfg = Debug|ARM64
		{4AF51521-6119-42AC-BACB-5A31AD696557}.Debug|ARM64.Build.0 = Debug|ARM64
		{4AF51521-6119-42AC-BACB-5A31AD696557}.Debug|ARM64.Deploy.0 = Debug|ARM64
		{4AF51521-6119-42AC-BACB-5A31AD696557}.Debug|iPhone.ActiveCfg = Debug|x86
		{4AF51521-6119-42AC-BACB-5A31AD696557}.Debug|iPhone.Build.0 = Debug|x86
		{4AF51521-6119-42AC-BACB-5A31AD696557}.Debug|iPhone.Deploy.0 = Debug|x86
		{4AF51521-6119-42AC-BACB-5A31AD696557}.Debug|iPhoneSimulator.ActiveCfg = Debug|x86
		{4AF51521-6119-42AC-BACB-5A31AD696557}.Debug|iPhoneSimulator.Build.0 = Debug|x86
		{4AF51521-6119-42AC-BACB-5A31AD696557}.Debug|iPhoneSimulator.Deploy.0 = Debug|x86
		{4AF51521-6119-42AC-BACB-5A31AD696557}.Debug|x64.ActiveCfg = Debug|x64
		{4AF51521-6119-42AC-BACB-5A31AD696557}.Debug|x64.Build.0 = Debug|x64
		{4AF51521-6119-42AC-BACB-5A31AD696557}.Debug|x64.Deploy.0 = Debug|x64
		{4AF51521-6119-42AC-BACB-5A31AD696557}.Debug|x86.ActiveCfg = Debug|x86
		{4AF51521-6119-42AC-BACB-5A31AD696557}.Debug|x86.Build.0 = Debug|x86
		{4AF51521-6119-42AC-BACB-5A31AD696557}.Debug|x86.Deploy.0 = Debug|x86
		{4AF51521-6119-42AC-BACB-5A31AD696557}.Release|Any CPU.ActiveCfg = Release|x86
		{4AF51521-6119-42AC-BACB-5A31AD696557}.Release|ARM.ActiveCfg = Release|ARM
		{4AF51521-6119-42AC-BACB-5A31AD696557}.Release|ARM.Build.0 = Release|ARM
		{4AF51521-6119-42AC-BACB-5A31AD696557}.Release|ARM.Deploy.0 = Release|ARM
		{4AF51521-6119-42AC-BACB-5A31AD696557}.Release|ARM64.ActiveCfg = Release|ARM64
		{4AF51521-6119-42AC-BACB-5A31AD696557}.Release|ARM64.Build.0 = Release|ARM64
		{4AF51521-6119-42AC-BACB-5A31AD696557}.Release|ARM64.Deploy.0 = Release|ARM64
		{4AF51521-6119-42AC-BACB-5A31AD696557}.Release|iPhone.ActiveCfg = Release|x86
		{4AF51521-6119-42AC-BACB-5A31AD696557}.Release|iPhone.Build.0 = Release|x86
		{4AF51521-6119-42AC-BACB-5A31AD696557}.Release|iPhoneSimulator.ActiveCfg = Release|x86
		{4AF51521-6119-42AC-BACB-5A31AD696557}.Release|iPhoneSimulator.Build.0 = Release|x86
		{4AF51521-6119-42AC-BACB-5A31AD696557}.Release|iPhoneSimulator.Deploy.0 = Release|x86
		{4AF51521-6119-42AC-BACB-5A31AD696557}.Release|x64.ActiveCfg = Release|x64
		{4AF51521-6119-42AC-BACB-5A31AD696557}.Release|x64.Build.0 = Release|x64
		{4AF51521-6119-42AC-BACB-5A31AD696557}.Release|x64.Deploy.0 = Release|x64
		{4AF51521-6119-42AC-BACB-5A31AD696557}.Release|x86.ActiveCfg = Release|x86
		{4AF51521-6119-42AC-BACB-5A31AD696557}.Release|x86.Build.0 = Release|x86
		{4AF51521-6119-42AC-BACB-5A31AD696557}.Release|x86.Deploy.0 = Release|x86
		{40EA03F7-8A22-4143-B251-79BAC3EB13D2}.Debug|Any CPU.ActiveCfg = Debug|Any CPU
		{40EA03F7-8A22-4143-B251-79BAC3EB13D2}.Debug|Any CPU.Build.0 = Debug|Any CPU
		{40EA03F7-8A22-4143-B251-79BAC3EB13D2}.Debug|ARM.ActiveCfg = Debug|Any CPU
		{40EA03F7-8A22-4143-B251-79BAC3EB13D2}.Debug|ARM.Build.0 = Debug|Any CPU
		{40EA03F7-8A22-4143-B251-79BAC3EB13D2}.Debug|ARM64.ActiveCfg = Debug|Any CPU
		{40EA03F7-8A22-4143-B251-79BAC3EB13D2}.Debug|ARM64.Build.0 = Debug|Any CPU
		{40EA03F7-8A22-4143-B251-79BAC3EB13D2}.Debug|iPhone.ActiveCfg = Debug|Any CPU
		{40EA03F7-8A22-4143-B251-79BAC3EB13D2}.Debug|iPhone.Build.0 = Debug|Any CPU
		{40EA03F7-8A22-4143-B251-79BAC3EB13D2}.Debug|iPhoneSimulator.ActiveCfg = Debug|Any CPU
		{40EA03F7-8A22-4143-B251-79BAC3EB13D2}.Debug|iPhoneSimulator.Build.0 = Debug|Any CPU
		{40EA03F7-8A22-4143-B251-79BAC3EB13D2}.Debug|x64.ActiveCfg = Debug|Any CPU
		{40EA03F7-8A22-4143-B251-79BAC3EB13D2}.Debug|x64.Build.0 = Debug|Any CPU
		{40EA03F7-8A22-4143-B251-79BAC3EB13D2}.Debug|x86.ActiveCfg = Debug|Any CPU
		{40EA03F7-8A22-4143-B251-79BAC3EB13D2}.Debug|x86.Build.0 = Debug|Any CPU
		{40EA03F7-8A22-4143-B251-79BAC3EB13D2}.Release|Any CPU.ActiveCfg = Release|Any CPU
		{40EA03F7-8A22-4143-B251-79BAC3EB13D2}.Release|Any CPU.Build.0 = Release|Any CPU
		{40EA03F7-8A22-4143-B251-79BAC3EB13D2}.Release|ARM.ActiveCfg = Release|Any CPU
		{40EA03F7-8A22-4143-B251-79BAC3EB13D2}.Release|ARM.Build.0 = Release|Any CPU
		{40EA03F7-8A22-4143-B251-79BAC3EB13D2}.Release|ARM64.ActiveCfg = Release|Any CPU
		{40EA03F7-8A22-4143-B251-79BAC3EB13D2}.Release|ARM64.Build.0 = Release|Any CPU
		{40EA03F7-8A22-4143-B251-79BAC3EB13D2}.Release|iPhone.ActiveCfg = Release|Any CPU
		{40EA03F7-8A22-4143-B251-79BAC3EB13D2}.Release|iPhone.Build.0 = Release|Any CPU
		{40EA03F7-8A22-4143-B251-79BAC3EB13D2}.Release|iPhoneSimulator.ActiveCfg = Release|Any CPU
		{40EA03F7-8A22-4143-B251-79BAC3EB13D2}.Release|iPhoneSimulator.Build.0 = Release|Any CPU
		{40EA03F7-8A22-4143-B251-79BAC3EB13D2}.Release|x64.ActiveCfg = Release|Any CPU
		{40EA03F7-8A22-4143-B251-79BAC3EB13D2}.Release|x64.Build.0 = Release|Any CPU
		{40EA03F7-8A22-4143-B251-79BAC3EB13D2}.Release|x86.ActiveCfg = Release|Any CPU
		{40EA03F7-8A22-4143-B251-79BAC3EB13D2}.Release|x86.Build.0 = Release|Any CPU
		{CE659558-6796-4F8E-9652-12EE4F693551}.Debug|Any CPU.ActiveCfg = Debug|iPhoneSimulator
		{CE659558-6796-4F8E-9652-12EE4F693551}.Debug|Any CPU.Build.0 = Debug|iPhoneSimulator
		{CE659558-6796-4F8E-9652-12EE4F693551}.Debug|ARM.ActiveCfg = Debug|iPhoneSimulator
		{CE659558-6796-4F8E-9652-12EE4F693551}.Debug|ARM64.ActiveCfg = Debug|iPhoneSimulator
		{CE659558-6796-4F8E-9652-12EE4F693551}.Debug|iPhone.ActiveCfg = Debug|iPhoneSimulator
		{CE659558-6796-4F8E-9652-12EE4F693551}.Debug|iPhone.Build.0 = Debug|iPhoneSimulator
		{CE659558-6796-4F8E-9652-12EE4F693551}.Debug|iPhoneSimulator.ActiveCfg = Debug|iPhoneSimulator
		{CE659558-6796-4F8E-9652-12EE4F693551}.Debug|iPhoneSimulator.Build.0 = Debug|iPhoneSimulator
		{CE659558-6796-4F8E-9652-12EE4F693551}.Debug|x64.ActiveCfg = Debug|iPhoneSimulator
		{CE659558-6796-4F8E-9652-12EE4F693551}.Debug|x64.Build.0 = Debug|iPhoneSimulator
		{CE659558-6796-4F8E-9652-12EE4F693551}.Debug|x86.ActiveCfg = Debug|iPhoneSimulator
		{CE659558-6796-4F8E-9652-12EE4F693551}.Debug|x86.Build.0 = Debug|iPhoneSimulator
		{CE659558-6796-4F8E-9652-12EE4F693551}.Release|Any CPU.ActiveCfg = Release|iPhoneSimulator
		{CE659558-6796-4F8E-9652-12EE4F693551}.Release|ARM.ActiveCfg = Release|iPhoneSimulator
		{CE659558-6796-4F8E-9652-12EE4F693551}.Release|ARM64.ActiveCfg = Release|iPhoneSimulator
		{CE659558-6796-4F8E-9652-12EE4F693551}.Release|iPhone.ActiveCfg = Release|iPhoneSimulator
		{CE659558-6796-4F8E-9652-12EE4F693551}.Release|iPhone.Build.0 = Release|iPhoneSimulator
		{CE659558-6796-4F8E-9652-12EE4F693551}.Release|iPhoneSimulator.ActiveCfg = Release|iPhoneSimulator
		{CE659558-6796-4F8E-9652-12EE4F693551}.Release|iPhoneSimulator.Build.0 = Release|iPhoneSimulator
		{CE659558-6796-4F8E-9652-12EE4F693551}.Release|x64.ActiveCfg = Release|iPhoneSimulator
		{CE659558-6796-4F8E-9652-12EE4F693551}.Release|x64.Build.0 = Release|iPhoneSimulator
		{CE659558-6796-4F8E-9652-12EE4F693551}.Release|x86.ActiveCfg = Release|iPhoneSimulator
		{CE659558-6796-4F8E-9652-12EE4F693551}.Release|x86.Build.0 = Release|iPhoneSimulator
		{A5B8155A-118F-4794-B551-C6F3CF7E5411}.Debug|Any CPU.ActiveCfg = Debug|Any CPU
		{A5B8155A-118F-4794-B551-C6F3CF7E5411}.Debug|Any CPU.Build.0 = Debug|Any CPU
		{A5B8155A-118F-4794-B551-C6F3CF7E5411}.Debug|ARM.ActiveCfg = Debug|Any CPU
		{A5B8155A-118F-4794-B551-C6F3CF7E5411}.Debug|ARM.Build.0 = Debug|Any CPU
		{A5B8155A-118F-4794-B551-C6F3CF7E5411}.Debug|ARM64.ActiveCfg = Debug|Any CPU
		{A5B8155A-118F-4794-B551-C6F3CF7E5411}.Debug|ARM64.Build.0 = Debug|Any CPU
		{A5B8155A-118F-4794-B551-C6F3CF7E5411}.Debug|iPhone.ActiveCfg = Debug|Any CPU
		{A5B8155A-118F-4794-B551-C6F3CF7E5411}.Debug|iPhone.Build.0 = Debug|Any CPU
		{A5B8155A-118F-4794-B551-C6F3CF7E5411}.Debug|iPhoneSimulator.ActiveCfg = Debug|Any CPU
		{A5B8155A-118F-4794-B551-C6F3CF7E5411}.Debug|iPhoneSimulator.Build.0 = Debug|Any CPU
		{A5B8155A-118F-4794-B551-C6F3CF7E5411}.Debug|x64.ActiveCfg = Debug|Any CPU
		{A5B8155A-118F-4794-B551-C6F3CF7E5411}.Debug|x64.Build.0 = Debug|Any CPU
		{A5B8155A-118F-4794-B551-C6F3CF7E5411}.Debug|x86.ActiveCfg = Debug|Any CPU
		{A5B8155A-118F-4794-B551-C6F3CF7E5411}.Debug|x86.Build.0 = Debug|Any CPU
		{A5B8155A-118F-4794-B551-C6F3CF7E5411}.Release|Any CPU.ActiveCfg = Release|Any CPU
		{A5B8155A-118F-4794-B551-C6F3CF7E5411}.Release|Any CPU.Build.0 = Release|Any CPU
		{A5B8155A-118F-4794-B551-C6F3CF7E5411}.Release|ARM.ActiveCfg = Release|Any CPU
		{A5B8155A-118F-4794-B551-C6F3CF7E5411}.Release|ARM.Build.0 = Release|Any CPU
		{A5B8155A-118F-4794-B551-C6F3CF7E5411}.Release|ARM64.ActiveCfg = Release|Any CPU
		{A5B8155A-118F-4794-B551-C6F3CF7E5411}.Release|ARM64.Build.0 = Release|Any CPU
		{A5B8155A-118F-4794-B551-C6F3CF7E5411}.Release|iPhone.ActiveCfg = Release|Any CPU
		{A5B8155A-118F-4794-B551-C6F3CF7E5411}.Release|iPhone.Build.0 = Release|Any CPU
		{A5B8155A-118F-4794-B551-C6F3CF7E5411}.Release|iPhoneSimulator.ActiveCfg = Release|Any CPU
		{A5B8155A-118F-4794-B551-C6F3CF7E5411}.Release|iPhoneSimulator.Build.0 = Release|Any CPU
		{A5B8155A-118F-4794-B551-C6F3CF7E5411}.Release|x64.ActiveCfg = Release|Any CPU
		{A5B8155A-118F-4794-B551-C6F3CF7E5411}.Release|x64.Build.0 = Release|Any CPU
		{A5B8155A-118F-4794-B551-C6F3CF7E5411}.Release|x86.ActiveCfg = Release|Any CPU
		{A5B8155A-118F-4794-B551-C6F3CF7E5411}.Release|x86.Build.0 = Release|Any CPU
		{7F1865C2-F863-4A18-97CA-AB0C108BA0DC}.Debug|Any CPU.ActiveCfg = Debug|Any CPU
		{7F1865C2-F863-4A18-97CA-AB0C108BA0DC}.Debug|Any CPU.Build.0 = Debug|Any CPU
		{7F1865C2-F863-4A18-97CA-AB0C108BA0DC}.Debug|Any CPU.Deploy.0 = Debug|Any CPU
		{7F1865C2-F863-4A18-97CA-AB0C108BA0DC}.Debug|ARM.ActiveCfg = Debug|Any CPU
		{7F1865C2-F863-4A18-97CA-AB0C108BA0DC}.Debug|ARM.Build.0 = Debug|Any CPU
		{7F1865C2-F863-4A18-97CA-AB0C108BA0DC}.Debug|ARM.Deploy.0 = Debug|Any CPU
		{7F1865C2-F863-4A18-97CA-AB0C108BA0DC}.Debug|ARM64.ActiveCfg = Debug|Any CPU
		{7F1865C2-F863-4A18-97CA-AB0C108BA0DC}.Debug|ARM64.Build.0 = Debug|Any CPU
		{7F1865C2-F863-4A18-97CA-AB0C108BA0DC}.Debug|ARM64.Deploy.0 = Debug|Any CPU
		{7F1865C2-F863-4A18-97CA-AB0C108BA0DC}.Debug|iPhone.ActiveCfg = Debug|Any CPU
		{7F1865C2-F863-4A18-97CA-AB0C108BA0DC}.Debug|iPhone.Build.0 = Debug|Any CPU
		{7F1865C2-F863-4A18-97CA-AB0C108BA0DC}.Debug|iPhone.Deploy.0 = Debug|Any CPU
		{7F1865C2-F863-4A18-97CA-AB0C108BA0DC}.Debug|iPhoneSimulator.ActiveCfg = Debug|Any CPU
		{7F1865C2-F863-4A18-97CA-AB0C108BA0DC}.Debug|iPhoneSimulator.Build.0 = Debug|Any CPU
		{7F1865C2-F863-4A18-97CA-AB0C108BA0DC}.Debug|iPhoneSimulator.Deploy.0 = Debug|Any CPU
		{7F1865C2-F863-4A18-97CA-AB0C108BA0DC}.Debug|x64.ActiveCfg = Debug|Any CPU
		{7F1865C2-F863-4A18-97CA-AB0C108BA0DC}.Debug|x64.Build.0 = Debug|Any CPU
		{7F1865C2-F863-4A18-97CA-AB0C108BA0DC}.Debug|x64.Deploy.0 = Debug|Any CPU
		{7F1865C2-F863-4A18-97CA-AB0C108BA0DC}.Debug|x86.ActiveCfg = Debug|Any CPU
		{7F1865C2-F863-4A18-97CA-AB0C108BA0DC}.Debug|x86.Build.0 = Debug|Any CPU
		{7F1865C2-F863-4A18-97CA-AB0C108BA0DC}.Debug|x86.Deploy.0 = Debug|Any CPU
		{7F1865C2-F863-4A18-97CA-AB0C108BA0DC}.Release|Any CPU.ActiveCfg = Release|Any CPU
		{7F1865C2-F863-4A18-97CA-AB0C108BA0DC}.Release|Any CPU.Build.0 = Release|Any CPU
		{7F1865C2-F863-4A18-97CA-AB0C108BA0DC}.Release|ARM.ActiveCfg = Release|Any CPU
		{7F1865C2-F863-4A18-97CA-AB0C108BA0DC}.Release|ARM.Build.0 = Release|Any CPU
		{7F1865C2-F863-4A18-97CA-AB0C108BA0DC}.Release|ARM.Deploy.0 = Release|Any CPU
		{7F1865C2-F863-4A18-97CA-AB0C108BA0DC}.Release|ARM64.ActiveCfg = Release|Any CPU
		{7F1865C2-F863-4A18-97CA-AB0C108BA0DC}.Release|ARM64.Build.0 = Release|Any CPU
		{7F1865C2-F863-4A18-97CA-AB0C108BA0DC}.Release|ARM64.Deploy.0 = Release|Any CPU
		{7F1865C2-F863-4A18-97CA-AB0C108BA0DC}.Release|iPhone.ActiveCfg = Release|Any CPU
		{7F1865C2-F863-4A18-97CA-AB0C108BA0DC}.Release|iPhone.Build.0 = Release|Any CPU
		{7F1865C2-F863-4A18-97CA-AB0C108BA0DC}.Release|iPhoneSimulator.ActiveCfg = Release|Any CPU
		{7F1865C2-F863-4A18-97CA-AB0C108BA0DC}.Release|iPhoneSimulator.Build.0 = Release|Any CPU
		{7F1865C2-F863-4A18-97CA-AB0C108BA0DC}.Release|iPhoneSimulator.Deploy.0 = Release|Any CPU
		{7F1865C2-F863-4A18-97CA-AB0C108BA0DC}.Release|x64.ActiveCfg = Release|Any CPU
		{7F1865C2-F863-4A18-97CA-AB0C108BA0DC}.Release|x64.Build.0 = Release|Any CPU
		{7F1865C2-F863-4A18-97CA-AB0C108BA0DC}.Release|x64.Deploy.0 = Release|Any CPU
		{7F1865C2-F863-4A18-97CA-AB0C108BA0DC}.Release|x86.ActiveCfg = Release|Any CPU
		{7F1865C2-F863-4A18-97CA-AB0C108BA0DC}.Release|x86.Build.0 = Release|Any CPU
		{7F1865C2-F863-4A18-97CA-AB0C108BA0DC}.Release|x86.Deploy.0 = Release|Any CPU
		{6CF284A4-22B1-4F05-97F4-F095C07A598E}.Debug|Any CPU.ActiveCfg = Debug|Any CPU
		{6CF284A4-22B1-4F05-97F4-F095C07A598E}.Debug|Any CPU.Build.0 = Debug|Any CPU
		{6CF284A4-22B1-4F05-97F4-F095C07A598E}.Debug|ARM.ActiveCfg = Debug|Any CPU
		{6CF284A4-22B1-4F05-97F4-F095C07A598E}.Debug|ARM.Build.0 = Debug|Any CPU
		{6CF284A4-22B1-4F05-97F4-F095C07A598E}.Debug|ARM64.ActiveCfg = Debug|Any CPU
		{6CF284A4-22B1-4F05-97F4-F095C07A598E}.Debug|ARM64.Build.0 = Debug|Any CPU
		{6CF284A4-22B1-4F05-97F4-F095C07A598E}.Debug|iPhone.ActiveCfg = Debug|Any CPU
		{6CF284A4-22B1-4F05-97F4-F095C07A598E}.Debug|iPhone.Build.0 = Debug|Any CPU
		{6CF284A4-22B1-4F05-97F4-F095C07A598E}.Debug|iPhoneSimulator.ActiveCfg = Debug|Any CPU
		{6CF284A4-22B1-4F05-97F4-F095C07A598E}.Debug|iPhoneSimulator.Build.0 = Debug|Any CPU
		{6CF284A4-22B1-4F05-97F4-F095C07A598E}.Debug|x64.ActiveCfg = Debug|Any CPU
		{6CF284A4-22B1-4F05-97F4-F095C07A598E}.Debug|x64.Build.0 = Debug|Any CPU
		{6CF284A4-22B1-4F05-97F4-F095C07A598E}.Debug|x86.ActiveCfg = Debug|Any CPU
		{6CF284A4-22B1-4F05-97F4-F095C07A598E}.Debug|x86.Build.0 = Debug|Any CPU
		{6CF284A4-22B1-4F05-97F4-F095C07A598E}.Release|Any CPU.ActiveCfg = Release|Any CPU
		{6CF284A4-22B1-4F05-97F4-F095C07A598E}.Release|Any CPU.Build.0 = Release|Any CPU
		{6CF284A4-22B1-4F05-97F4-F095C07A598E}.Release|ARM.ActiveCfg = Release|Any CPU
		{6CF284A4-22B1-4F05-97F4-F095C07A598E}.Release|ARM.Build.0 = Release|Any CPU
		{6CF284A4-22B1-4F05-97F4-F095C07A598E}.Release|ARM64.ActiveCfg = Release|Any CPU
		{6CF284A4-22B1-4F05-97F4-F095C07A598E}.Release|ARM64.Build.0 = Release|Any CPU
		{6CF284A4-22B1-4F05-97F4-F095C07A598E}.Release|iPhone.ActiveCfg = Release|Any CPU
		{6CF284A4-22B1-4F05-97F4-F095C07A598E}.Release|iPhone.Build.0 = Release|Any CPU
		{6CF284A4-22B1-4F05-97F4-F095C07A598E}.Release|iPhoneSimulator.ActiveCfg = Release|Any CPU
		{6CF284A4-22B1-4F05-97F4-F095C07A598E}.Release|iPhoneSimulator.Build.0 = Release|Any CPU
		{6CF284A4-22B1-4F05-97F4-F095C07A598E}.Release|x64.ActiveCfg = Release|Any CPU
		{6CF284A4-22B1-4F05-97F4-F095C07A598E}.Release|x64.Build.0 = Release|Any CPU
		{6CF284A4-22B1-4F05-97F4-F095C07A598E}.Release|x86.ActiveCfg = Release|Any CPU
		{6CF284A4-22B1-4F05-97F4-F095C07A598E}.Release|x86.Build.0 = Release|Any CPU
		{9AED22A6-77DC-4799-BAE7-5F26F2070BD2}.Debug|Any CPU.ActiveCfg = Debug|Any CPU
		{9AED22A6-77DC-4799-BAE7-5F26F2070BD2}.Debug|Any CPU.Build.0 = Debug|Any CPU
		{9AED22A6-77DC-4799-BAE7-5F26F2070BD2}.Debug|ARM.ActiveCfg = Debug|Any CPU
		{9AED22A6-77DC-4799-BAE7-5F26F2070BD2}.Debug|ARM.Build.0 = Debug|Any CPU
		{9AED22A6-77DC-4799-BAE7-5F26F2070BD2}.Debug|ARM64.ActiveCfg = Debug|Any CPU
		{9AED22A6-77DC-4799-BAE7-5F26F2070BD2}.Debug|ARM64.Build.0 = Debug|Any CPU
		{9AED22A6-77DC-4799-BAE7-5F26F2070BD2}.Debug|iPhone.ActiveCfg = Debug|Any CPU
		{9AED22A6-77DC-4799-BAE7-5F26F2070BD2}.Debug|iPhone.Build.0 = Debug|Any CPU
		{9AED22A6-77DC-4799-BAE7-5F26F2070BD2}.Debug|iPhoneSimulator.ActiveCfg = Debug|Any CPU
		{9AED22A6-77DC-4799-BAE7-5F26F2070BD2}.Debug|iPhoneSimulator.Build.0 = Debug|Any CPU
		{9AED22A6-77DC-4799-BAE7-5F26F2070BD2}.Debug|x64.ActiveCfg = Debug|Any CPU
		{9AED22A6-77DC-4799-BAE7-5F26F2070BD2}.Debug|x64.Build.0 = Debug|Any CPU
		{9AED22A6-77DC-4799-BAE7-5F26F2070BD2}.Debug|x86.ActiveCfg = Debug|Any CPU
		{9AED22A6-77DC-4799-BAE7-5F26F2070BD2}.Debug|x86.Build.0 = Debug|Any CPU
		{9AED22A6-77DC-4799-BAE7-5F26F2070BD2}.Release|Any CPU.ActiveCfg = Release|Any CPU
		{9AED22A6-77DC-4799-BAE7-5F26F2070BD2}.Release|Any CPU.Build.0 = Release|Any CPU
		{9AED22A6-77DC-4799-BAE7-5F26F2070BD2}.Release|ARM.ActiveCfg = Release|Any CPU
		{9AED22A6-77DC-4799-BAE7-5F26F2070BD2}.Release|ARM.Build.0 = Release|Any CPU
		{9AED22A6-77DC-4799-BAE7-5F26F2070BD2}.Release|ARM64.ActiveCfg = Release|Any CPU
		{9AED22A6-77DC-4799-BAE7-5F26F2070BD2}.Release|ARM64.Build.0 = Release|Any CPU
		{9AED22A6-77DC-4799-BAE7-5F26F2070BD2}.Release|iPhone.ActiveCfg = Release|Any CPU
		{9AED22A6-77DC-4799-BAE7-5F26F2070BD2}.Release|iPhone.Build.0 = Release|Any CPU
		{9AED22A6-77DC-4799-BAE7-5F26F2070BD2}.Release|iPhoneSimulator.ActiveCfg = Release|Any CPU
		{9AED22A6-77DC-4799-BAE7-5F26F2070BD2}.Release|iPhoneSimulator.Build.0 = Release|Any CPU
		{9AED22A6-77DC-4799-BAE7-5F26F2070BD2}.Release|x64.ActiveCfg = Release|Any CPU
		{9AED22A6-77DC-4799-BAE7-5F26F2070BD2}.Release|x64.Build.0 = Release|Any CPU
		{9AED22A6-77DC-4799-BAE7-5F26F2070BD2}.Release|x86.ActiveCfg = Release|Any CPU
		{9AED22A6-77DC-4799-BAE7-5F26F2070BD2}.Release|x86.Build.0 = Release|Any CPU
		{761D821E-9905-4444-9ADF-76C995FE5427}.Debug|Any CPU.ActiveCfg = Debug|Any CPU
		{761D821E-9905-4444-9ADF-76C995FE5427}.Debug|Any CPU.Build.0 = Debug|Any CPU
		{761D821E-9905-4444-9ADF-76C995FE5427}.Debug|ARM.ActiveCfg = Debug|Any CPU
		{761D821E-9905-4444-9ADF-76C995FE5427}.Debug|ARM.Build.0 = Debug|Any CPU
		{761D821E-9905-4444-9ADF-76C995FE5427}.Debug|ARM64.ActiveCfg = Debug|Any CPU
		{761D821E-9905-4444-9ADF-76C995FE5427}.Debug|ARM64.Build.0 = Debug|Any CPU
		{761D821E-9905-4444-9ADF-76C995FE5427}.Debug|iPhone.ActiveCfg = Debug|Any CPU
		{761D821E-9905-4444-9ADF-76C995FE5427}.Debug|iPhone.Build.0 = Debug|Any CPU
		{761D821E-9905-4444-9ADF-76C995FE5427}.Debug|iPhoneSimulator.ActiveCfg = Debug|Any CPU
		{761D821E-9905-4444-9ADF-76C995FE5427}.Debug|iPhoneSimulator.Build.0 = Debug|Any CPU
		{761D821E-9905-4444-9ADF-76C995FE5427}.Debug|x64.ActiveCfg = Debug|Any CPU
		{761D821E-9905-4444-9ADF-76C995FE5427}.Debug|x64.Build.0 = Debug|Any CPU
		{761D821E-9905-4444-9ADF-76C995FE5427}.Debug|x86.ActiveCfg = Debug|Any CPU
		{761D821E-9905-4444-9ADF-76C995FE5427}.Debug|x86.Build.0 = Debug|Any CPU
		{761D821E-9905-4444-9ADF-76C995FE5427}.Release|Any CPU.ActiveCfg = Release|Any CPU
		{761D821E-9905-4444-9ADF-76C995FE5427}.Release|Any CPU.Build.0 = Release|Any CPU
		{761D821E-9905-4444-9ADF-76C995FE5427}.Release|ARM.ActiveCfg = Release|Any CPU
		{761D821E-9905-4444-9ADF-76C995FE5427}.Release|ARM.Build.0 = Release|Any CPU
		{761D821E-9905-4444-9ADF-76C995FE5427}.Release|ARM64.ActiveCfg = Release|Any CPU
		{761D821E-9905-4444-9ADF-76C995FE5427}.Release|ARM64.Build.0 = Release|Any CPU
		{761D821E-9905-4444-9ADF-76C995FE5427}.Release|iPhone.ActiveCfg = Release|Any CPU
		{761D821E-9905-4444-9ADF-76C995FE5427}.Release|iPhone.Build.0 = Release|Any CPU
		{761D821E-9905-4444-9ADF-76C995FE5427}.Release|iPhoneSimulator.ActiveCfg = Release|Any CPU
		{761D821E-9905-4444-9ADF-76C995FE5427}.Release|iPhoneSimulator.Build.0 = Release|Any CPU
		{761D821E-9905-4444-9ADF-76C995FE5427}.Release|x64.ActiveCfg = Release|Any CPU
		{761D821E-9905-4444-9ADF-76C995FE5427}.Release|x64.Build.0 = Release|Any CPU
		{761D821E-9905-4444-9ADF-76C995FE5427}.Release|x86.ActiveCfg = Release|Any CPU
		{761D821E-9905-4444-9ADF-76C995FE5427}.Release|x86.Build.0 = Release|Any CPU
		{8F558923-ED90-4DF9-B48A-B910AF3DC729}.Debug|Any CPU.ActiveCfg = Debug|Any CPU
		{8F558923-ED90-4DF9-B48A-B910AF3DC729}.Debug|Any CPU.Build.0 = Debug|Any CPU
		{8F558923-ED90-4DF9-B48A-B910AF3DC729}.Debug|ARM.ActiveCfg = Debug|Any CPU
		{8F558923-ED90-4DF9-B48A-B910AF3DC729}.Debug|ARM.Build.0 = Debug|Any CPU
		{8F558923-ED90-4DF9-B48A-B910AF3DC729}.Debug|ARM64.ActiveCfg = Debug|Any CPU
		{8F558923-ED90-4DF9-B48A-B910AF3DC729}.Debug|ARM64.Build.0 = Debug|Any CPU
		{8F558923-ED90-4DF9-B48A-B910AF3DC729}.Debug|iPhone.ActiveCfg = Debug|Any CPU
		{8F558923-ED90-4DF9-B48A-B910AF3DC729}.Debug|iPhone.Build.0 = Debug|Any CPU
		{8F558923-ED90-4DF9-B48A-B910AF3DC729}.Debug|iPhoneSimulator.ActiveCfg = Debug|Any CPU
		{8F558923-ED90-4DF9-B48A-B910AF3DC729}.Debug|iPhoneSimulator.Build.0 = Debug|Any CPU
		{8F558923-ED90-4DF9-B48A-B910AF3DC729}.Debug|x64.ActiveCfg = Debug|Any CPU
		{8F558923-ED90-4DF9-B48A-B910AF3DC729}.Debug|x64.Build.0 = Debug|Any CPU
		{8F558923-ED90-4DF9-B48A-B910AF3DC729}.Debug|x86.ActiveCfg = Debug|Any CPU
		{8F558923-ED90-4DF9-B48A-B910AF3DC729}.Debug|x86.Build.0 = Debug|Any CPU
		{8F558923-ED90-4DF9-B48A-B910AF3DC729}.Release|Any CPU.ActiveCfg = Release|Any CPU
		{8F558923-ED90-4DF9-B48A-B910AF3DC729}.Release|Any CPU.Build.0 = Release|Any CPU
		{8F558923-ED90-4DF9-B48A-B910AF3DC729}.Release|ARM.ActiveCfg = Release|Any CPU
		{8F558923-ED90-4DF9-B48A-B910AF3DC729}.Release|ARM.Build.0 = Release|Any CPU
		{8F558923-ED90-4DF9-B48A-B910AF3DC729}.Release|ARM64.ActiveCfg = Release|Any CPU
		{8F558923-ED90-4DF9-B48A-B910AF3DC729}.Release|ARM64.Build.0 = Release|Any CPU
		{8F558923-ED90-4DF9-B48A-B910AF3DC729}.Release|iPhone.ActiveCfg = Release|Any CPU
		{8F558923-ED90-4DF9-B48A-B910AF3DC729}.Release|iPhone.Build.0 = Release|Any CPU
		{8F558923-ED90-4DF9-B48A-B910AF3DC729}.Release|iPhoneSimulator.ActiveCfg = Release|Any CPU
		{8F558923-ED90-4DF9-B48A-B910AF3DC729}.Release|iPhoneSimulator.Build.0 = Release|Any CPU
		{8F558923-ED90-4DF9-B48A-B910AF3DC729}.Release|x64.ActiveCfg = Release|Any CPU
		{8F558923-ED90-4DF9-B48A-B910AF3DC729}.Release|x64.Build.0 = Release|Any CPU
		{8F558923-ED90-4DF9-B48A-B910AF3DC729}.Release|x86.ActiveCfg = Release|Any CPU
		{8F558923-ED90-4DF9-B48A-B910AF3DC729}.Release|x86.Build.0 = Release|Any CPU
	EndGlobalSection
	GlobalSection(SolutionProperties) = preSolution
		HideSolutionNode = FALSE
	EndGlobalSection
	GlobalSection(ExtensibilityGlobals) = postSolution
		SolutionGuid = {C7433AE2-B1A0-4C1A-887E-5CAA7AAF67A6}
	EndGlobalSection
EndGlobal
